
Microsoft Visual Studio Solution File, Format Version 12.00
# Visual Studio Version 17
VisualStudioVersion = 17.7.34221.43
MinimumVisualStudioVersion = 10.0.40219.1
Project("{FAE04EC0-301F-11D3-BF4B-00C04F79EFBC}") = "winforms-prototype", "winforms-prototype\winforms-prototype.csproj", "{6A5E437D-1EFB-4DA6-AFC1-9E21C8A9F744}"
EndProject
Global
	GlobalSection(SolutionConfigurationPlatforms) = preSolution
		Debug|Any CPU = Debug|Any CPU
		Release|Any CPU = Release|Any CPU
	EndGlobalSection
	GlobalSection(ProjectConfigurationPlatforms) = postSolution
		{6A5E437D-1EFB-4DA6-AFC1-9E21C8A9F744}.Debug|Any CPU.ActiveCfg = Debug|Any CPU
		{6A5E437D-1EFB-4DA6-AFC1-9E21C8A9F744}.Debug|Any CPU.Build.0 = Debug|Any CPU
		{6A5E437D-1EFB-4DA6-AFC1-9E21C8A9F744}.Release|Any CPU.ActiveCfg = Release|Any CPU
		{6A5E437D-1EFB-4DA6-AFC1-9E21C8A9F744}.Release|Any CPU.Build.0 = Release|Any CPU
	EndGlobalSection
	GlobalSection(SolutionProperties) = preSolution
		HideSolutionNode = FALSE
	EndGlobalSection
	GlobalSection(ExtensibilityGlobals) = postSolution
		SolutionGuid = {F7A2E1FC-BA87-4FF9-8A99-1AB22D4F6D5A}
	EndGlobalSection
EndGlobal
